
Microsoft Visual Studio Solution File, Format Version 12.00
# Visual Studio Version 16
VisualStudioVersion = 16.0.30611.23
MinimumVisualStudioVersion = 10.0.40219.1
Project("{FAE04EC0-301F-11D3-BF4B-00C04F79EFBC}") = "ShoppingCart", "ShoppingCart.csproj", "{36F9B3C8-C83A-47D7-9CE4-6EF6130CB34A}"
EndProject
Global
	GlobalSection(SolutionConfigurationPlatforms) = preSolution
		Debug|Any CPU = Debug|Any CPU
		Release|Any CPU = Release|Any CPU
	EndGlobalSection
	GlobalSection(ProjectConfigurationPlatforms) = postSolution
		{36F9B3C8-C83A-47D7-9CE4-6EF6130CB34A}.Debug|Any CPU.ActiveCfg = Debug|Any CPU
		{36F9B3C8-C83A-47D7-9CE4-6EF6130CB34A}.Debug|Any CPU.Build.0 = Debug|Any CPU
		{36F9B3C8-C83A-47D7-9CE4-6EF6130CB34A}.Release|Any CPU.ActiveCfg = Release|Any CPU
		{36F9B3C8-C83A-47D7-9CE4-6EF6130CB34A}.Release|Any CPU.Build.0 = Release|Any CPU
	EndGlobalSection
	GlobalSection(SolutionProperties) = preSolution
		HideSolutionNode = FALSE
	EndGlobalSection
	GlobalSection(ExtensibilityGlobals) = postSolution
		SolutionGuid = {16810DBC-C2A5-45D8-BDFD-5F4755F1988B}
	EndGlobalSection
EndGlobal
